
Microsoft Visual Studio Solution File, Format Version 12.00
# Visual Studio 15
VisualStudioVersion = 15.0.28307.1433
MinimumVisualStudioVersion = 10.0.40219.1
Project("{FAE04EC0-301F-11D3-BF4B-00C04F79EFBC}") = "Ležící kosodelník", "Ležící kosodelník\Ležící kosodelník.csproj", "{9785CFCF-6055-4819-B644-D5B0A7158BC4}"
EndProject
Global
	GlobalSection(SolutionConfigurationPlatforms) = preSolution
		Debug|Any CPU = Debug|Any CPU
		Release|Any CPU = Release|Any CPU
	EndGlobalSection
	GlobalSection(ProjectConfigurationPlatforms) = postSolution
		{9785CFCF-6055-4819-B644-D5B0A7158BC4}.Debug|Any CPU.ActiveCfg = Debug|Any CPU
		{9785CFCF-6055-4819-B644-D5B0A7158BC4}.Debug|Any CPU.Build.0 = Debug|Any CPU
		{9785CFCF-6055-4819-B644-D5B0A7158BC4}.Release|Any CPU.ActiveCfg = Release|Any CPU
		{9785CFCF-6055-4819-B644-D5B0A7158BC4}.Release|Any CPU.Build.0 = Release|Any CPU
	EndGlobalSection
	GlobalSection(SolutionProperties) = preSolution
		HideSolutionNode = FALSE
	EndGlobalSection
	GlobalSection(ExtensibilityGlobals) = postSolution
		SolutionGuid = {258B942B-37D2-4299-8D6E-56976FA30733}
	EndGlobalSection
EndGlobal
